
Microsoft Visual Studio Solution File, Format Version 12.00
# Visual Studio 15
VisualStudioVersion = 15.0.28307.572
MinimumVisualStudioVersion = 10.0.40219.1
Project("{888888A0-9F3D-457C-B088-3A5042F75D52}") = "Movie Database", "Movie Database\Movie Database.pyproj", "{2942F378-9ECA-4700-813C-33DFAA7A32D3}"
EndProject
Global
	GlobalSection(SolutionConfigurationPlatforms) = preSolution
		Debug|Any CPU = Debug|Any CPU
		Release|Any CPU = Release|Any CPU
	EndGlobalSection
	GlobalSection(ProjectConfigurationPlatforms) = postSolution
		{2942F378-9ECA-4700-813C-33DFAA7A32D3}.Debug|Any CPU.ActiveCfg = Debug|Any CPU
		{2942F378-9ECA-4700-813C-33DFAA7A32D3}.Release|Any CPU.ActiveCfg = Release|Any CPU
	EndGlobalSection
	GlobalSection(SolutionProperties) = preSolution
		HideSolutionNode = FALSE
	EndGlobalSection
	GlobalSection(ExtensibilityGlobals) = postSolution
		SolutionGuid = {7A6A39CB-78A7-46F6-8361-9DCF5AF63EE2}
	EndGlobalSection
EndGlobal
